{
  "nodes": {
    "agenix": {
      "inputs": {
        "nixpkgs": [
          "nixpkgs"
        ]
      },
      "locked": {
        "lastModified": 1790734419,
        "narHash": "sha256-n7wew722m1OTBT9DOIMxNX/NF4zfsSUABAO5eW3wikE=",
        "owner": "ryantm",
        "repo": "agenix",
        "rev": "3daa710894355fa2fad8243380af373a2b4046ef",
        "type": "github"
      },
      "original": {
        "owner": "ryantm",
        "repo": "agenix",
        "type": "github"
      }
    },
    "azerothcore": {
      "inputs": {
        "azerothcore-src": [
          "azerothcore-src"
        ],
        "mod-playerbots-src": [
          "mod-playerbots-src"
        ],
        "nixpkgs": [
          "nixpkgs"
        ]
      },
      "locked": {
        "lastModified": 1791354735,
        "narHash": "sha256-LbzsHHVhuGVE1rdB1w6KYyopFaEOSNy6qwSJ4yM8UPE=",
        "owner": "mhutter",
        "repo": "azerothcore-playerbots-nix",
        "rev": "ec4e36b5a9da21a11a23503c4618e12c0cce6a32",
        "type": "github"
      },
      "original": {
        "owner": "mhutter",
        "repo": "azerothcore-playerbots-nix",
        "type": "github"
      }
    },
    "azerothcore-src": {
      "flake": false,
      "locked": {
        "lastModified": 1790951454,
        "narHash": "sha256-rAkzspdxd5kTaqv/tg4xO9wuav8+FF+EoTPhMLv44lM=",
        "owner": "mod-playerbots",
        "repo": "azerothcore-wotlk",
        "rev": "f19a18799a35f7c24bdcdc9ea399c601f166259b",
        "type": "github"
      },
      "original": {
        "owner": "mod-playerbots",
        "ref": "Playerbot",
        "repo": "azerothcore-wotlk",
        "type": "github"
      }
    },
    "disko": {
      "inputs": {
        "nixpkgs": [
          "nixpkgs"
        ]
      },
      "locked": {
        "lastModified": 1789770686,
        "narHash": "sha256-uZkBR7yHdIKUFB5SZdfgh1qkGfI3XmYmI/lTiquxbck=",
        "owner": "nix-community",
        "repo": "disko",
        "rev": "725ea35e410ad83be4931d1bff7e090eacaf3563",
        "type": "github"
      },
      "original": {
        "owner": "nix-community",
        "repo": "disko",
        "type": "github"
      }
    },
    "docspell": {
      "inputs": {
        "devshell-tools": [],
        "flake-utils": "flake-utils",
        "nixpkgs": [
          "nixpkgs"
        ]
      },
      "locked": {
        "lastModified": 1791215371,
        "narHash": "sha256-pMo3Zbmr1RJlDWb2Jvch1i89bTDiFl3tEWavjOWXU+Y=",
        "owner": "eikek",
        "repo": "docspell",
        "rev": "f3cc63cc59b8ddd12c0094ab342a4fc7aee8a099",
        "type": "github"
      },
      "original": {
        "owner": "eikek",
        "repo": "docspell",
        "type": "github"
      }
    },
    "flake-utils": {
      "inputs": {
        "systems": "systems"
      },
      "locked": {
        "lastModified": 1731533236,
        "narHash": "sha256-l0KFg5HjrsfsO/JpG+r7fRrqm12kzFHyUHqHCVpMMbI=",
        "owner": "numtide",
        "repo": "flake-utils",
        "rev": "11707dc2f618dd54ca8739b309ec4fc024de578b",
        "type": "github"
      },
      "original": {
        "owner": "numtide",
        "repo": "flake-utils",
        "type": "github"
      }
    },
    "impermanence": {
      "inputs": {
        "home-manager": [],
        "nixpkgs": [
          "nixpkgs"
        ]
      },
      "locked": {
        "lastModified": 1769548169,
        "narHash": "sha256-03+JxvzmfwRu+5JafM0DLbxgHttOQZkUtDWBmeUkN8Y=",
        "owner": "nix-community",
        "repo": "impermanence",
        "rev": "7b1d382faf603b6d264f58627330f9faa5cba149",
        "type": "github"
      },
      "original": {
        "owner": "nix-community",
        "repo": "impermanence",
        "type": "github"
      }
    },
    "mod-ah-bot-plus": {
      "flake": false,
      "locked": {
        "lastModified": 1783041686,
        "narHash": "sha256-0txdPNqqBZIZRbFCkYS1Ls3ggd2aJ5zSRAOKea3u7VA=",
        "owner": "NathanHandley",
        "repo": "mod-ah-bot-plus",
        "rev": "f685832994c825f90aa5a3dc0e1620aa568e875b",
        "type": "github"
      },
      "original": {
        "owner": "NathanHandley",
        "repo": "mod-ah-bot-plus",
        "type": "github"
      }
    },
    "mod-individual-progression": {
      "flake": false,
      "locked": {
        "lastModified": 1791066050,
        "narHash": "sha256-ecb9Dm+/Jl/4tjHnWZoksfmq1FCJ/GzM0UirpCcIoRE=",
        "owner": "ZhengPeiRu21",
        "repo": "mod-individual-progression",
        "rev": "60336b349cce2bc209d154bb840f2370f1cc16f2",
        "type": "github"
      },
      "original": {
        "owner": "ZhengPeiRu21",
        "repo": "mod-individual-progression",
        "type": "github"
      }
    },
    "mod-playerbots-src": {
      "flake": false,
      "locked": {
        "lastModified": 1790951444,
        "narHash": "sha256-qnjJUbTd/2bXAIGT7Su7qxEY3Pa4anji6lHFBYzkRMs=",
        "owner": "mod-playerbots",
        "repo": "mod-playerbots",
        "rev": "037c01418b5d01506917a3db9b44fd56ac5f965c",
        "type": "github"
      },
      "original": {
        "owner": "mod-playerbots",
        "ref": "master",
        "repo": "mod-playerbots",
        "type": "github"
      }
    },
    "nixpkgs": {
      "locked": {
        "lastModified": 1791143449,
        "narHash": "sha256-9+n3ReS2y9xS199LoJjKUWHwZrISGHWgkD/LUZTDZyA=",
        "owner": "NixOS",
        "repo": "nixpkgs",
        "rev": "0d9e9b832d03ac387417e16ce1febf73b2e631e1",
        "type": "github"
      },
      "original": {
        "owner": "NixOS",
        "ref": "nixos-26.05",
        "repo": "nixpkgs",
        "type": "github"
      }
    },
    "nixpkgs-unstable": {
      "locked": {
        "lastModified": 1791179034,
        "narHash": "sha256-Ni0LBydzaCi8oek12r4mVreuFHqYlM1eTD6SfiENKfw=",
        "owner": "NixOS",
        "repo": "nixpkgs",
        "rev": "494ce7fd23ff6a5dff39e1fb11e9b6f2ac74bf25",
        "type": "github"
      },
      "original": {
        "owner": "NixOS",
        "ref": "nixos-unstable",
        "repo": "nixpkgs",
        "type": "github"
      }
    },
    "root": {
      "inputs": {
        "agenix": "agenix",
        "azerothcore": "azerothcore",
        "azerothcore-src": "azerothcore-src",
        "disko": "disko",
        "docspell": "docspell",
        "impermanence": "impermanence",
        "mod-ah-bot-plus": "mod-ah-bot-plus",
        "mod-individual-progression": "mod-individual-progression",
        "mod-playerbots-src": "mod-playerbots-src",
        "nixpkgs": "nixpkgs",
        "nixpkgs-unstable": "nixpkgs-unstable"
      }
    },
    "systems": {
      "locked": {
        "lastModified": 1681028828,
        "narHash": "sha256-Vy1rq5AaRuLzOxct8nz4T6wlgyUR7zLU309k9mBC768=",
        "owner": "nix-systems",
        "repo": "default",
        "rev": "da67096a3b9bf56a91d16901293e51ba5b49a27e",
        "type": "github"
      },
      "original": {
        "owner": "nix-systems",
        "repo": "default",
        "type": "github"
      }
    }
  },
  "root": "root",
  "version": 7
}
