{
  "nodes": {
    "agenix": {
      "inputs": {
        "nixpkgs": [
          "nixpkgs"
        ]
      },
      "locked": {
        "lastModified": 1790555459,
        "narHash": "sha256-ftyJcr21FzMLq4hnzg3COo7gITOkJ4j+ey0miWCTU3U=",
        "owner": "ryantm",
        "repo": "agenix",
        "rev": "b485690a7c97b3793a41dd57edfb05ac84343813",
        "type": "github"
      },
      "original": {
        "owner": "ryantm",
        "repo": "agenix",
        "type": "github"
      }
    },
    "azerothcore": {
      "inputs": {
        "azerothcore-src": "azerothcore-src",
        "mod-playerbots-src": "mod-playerbots-src",
        "nixpkgs": [
          "nixpkgs"
        ]
      },
      "locked": {
        "lastModified": 1790713344,
        "narHash": "sha256-QMVyAIqN9lyyEvf82S2y4YRgDMYEgfI5RWKSTi5+pUw=",
        "owner": "mhutter",
        "repo": "azerothcore-playerbots-nix",
        "rev": "0fbb02c8d7383da79f302be4b3217f0ee8a543f5",
        "type": "github"
      },
      "original": {
        "owner": "mhutter",
        "repo": "azerothcore-playerbots-nix",
        "type": "github"
      }
    },
    "azerothcore-src": {
      "flake": false,
      "locked": {
        "lastModified": 1789917047,
        "narHash": "sha256-qpR9rjeQUvGwZUXPeY+2xOTtp99vyydv8wpOWDIRVzg=",
        "owner": "mod-playerbots",
        "repo": "azerothcore-wotlk",
        "rev": "7f12e89ee5f467a50e62eba1d525eac7dc953d03",
        "type": "github"
      },
      "original": {
        "owner": "mod-playerbots",
        "ref": "Playerbot",
        "repo": "azerothcore-wotlk",
        "type": "github"
      }
    },
    "disko": {
      "inputs": {
        "nixpkgs": [
          "nixpkgs"
        ]
      },
      "locked": {
        "lastModified": 1789770686,
        "narHash": "sha256-uZkBR7yHdIKUFB5SZdfgh1qkGfI3XmYmI/lTiquxbck=",
        "owner": "nix-community",
        "repo": "disko",
        "rev": "725ea35e410ad83be4931d1bff7e090eacaf3563",
        "type": "github"
      },
      "original": {
        "owner": "nix-community",
        "repo": "disko",
        "type": "github"
      }
    },
    "docspell": {
      "inputs": {
        "devshell-tools": [],
        "flake-utils": "flake-utils",
        "nixpkgs": [
          "nixpkgs"
        ]
      },
      "locked": {
        "lastModified": 1790104872,
        "narHash": "sha256-ia2oYO5FN7MVbrA6WRzuvdR5uw8/La6/07qdiKccoKA=",
        "owner": "eikek",
        "repo": "docspell",
        "rev": "cf3174da06e889495f9392dd02e669f20bf21c50",
        "type": "github"
      },
      "original": {
        "owner": "eikek",
        "repo": "docspell",
        "type": "github"
      }
    },
    "flake-utils": {
      "inputs": {
        "systems": "systems"
      },
      "locked": {
        "lastModified": 1731533236,
        "narHash": "sha256-l0KFg5HjrsfsO/JpG+r7fRrqm12kzFHyUHqHCVpMMbI=",
        "owner": "numtide",
        "repo": "flake-utils",
        "rev": "11707dc2f618dd54ca8739b309ec4fc024de578b",
        "type": "github"
      },
      "original": {
        "owner": "numtide",
        "repo": "flake-utils",
        "type": "github"
      }
    },
    "impermanence": {
      "inputs": {
        "home-manager": [],
        "nixpkgs": [
          "nixpkgs"
        ]
      },
      "locked": {
        "lastModified": 1769548169,
        "narHash": "sha256-03+JxvzmfwRu+5JafM0DLbxgHttOQZkUtDWBmeUkN8Y=",
        "owner": "nix-community",
        "repo": "impermanence",
        "rev": "7b1d382faf603b6d264f58627330f9faa5cba149",
        "type": "github"
      },
      "original": {
        "owner": "nix-community",
        "repo": "impermanence",
        "type": "github"
      }
    },
    "mod-ah-bot-plus": {
      "flake": false,
      "locked": {
        "lastModified": 1783041686,
        "narHash": "sha256-0txdPNqqBZIZRbFCkYS1Ls3ggd2aJ5zSRAOKea3u7VA=",
        "owner": "NathanHandley",
        "repo": "mod-ah-bot-plus",
        "rev": "f685832994c825f90aa5a3dc0e1620aa568e875b",
        "type": "github"
      },
      "original": {
        "owner": "NathanHandley",
        "repo": "mod-ah-bot-plus",
        "type": "github"
      }
    },
    "mod-individual-progression": {
      "flake": false,
      "locked": {
        "lastModified": 1790234398,
        "narHash": "sha256-yR+qL5E4Q75VaJ3P1XQdYesEwY7PA3t4bi14B7rZPSg=",
        "owner": "ZhengPeiRu21",
        "repo": "mod-individual-progression",
        "rev": "0180b9172d0d29bbce53dd84af133b3d998b0622",
        "type": "github"
      },
      "original": {
        "owner": "ZhengPeiRu21",
        "repo": "mod-individual-progression",
        "type": "github"
      }
    },
    "mod-playerbots-src": {
      "flake": false,
      "locked": {
        "lastModified": 1789917066,
        "narHash": "sha256-2x1e2nQvCxWplFnRNFHLSsQYxlbo9sZvfwE5yHykDzg=",
        "owner": "mod-playerbots",
        "repo": "mod-playerbots",
        "rev": "7bae1b5c58c76a0aa20381155edc08096d1485b2",
        "type": "github"
      },
      "original": {
        "owner": "mod-playerbots",
        "ref": "master",
        "repo": "mod-playerbots",
        "type": "github"
      }
    },
    "nixpkgs": {
      "locked": {
        "lastModified": 1790533781,
        "narHash": "sha256-F+b8u43BVF5DlM0pz7JQSbtbwKy5PrHIT5zQUekXsD0=",
        "owner": "NixOS",
        "repo": "nixpkgs",
        "rev": "cf5e76507c6e23b59f7e0ffcc7baa2a39ddd8442",
        "type": "github"
      },
      "original": {
        "owner": "NixOS",
        "ref": "nixos-26.05",
        "repo": "nixpkgs",
        "type": "github"
      }
    },
    "nixpkgs-unstable": {
      "locked": {
        "lastModified": 1790578696,
        "narHash": "sha256-ZoxIApko70jCdbH3l20HWXOBaT2HZd87orzd2yJ9dVE=",
        "owner": "NixOS",
        "repo": "nixpkgs",
        "rev": "7a0f122f5090cf4c2ade2a13a0e229d4e19ba71f",
        "type": "github"
      },
      "original": {
        "owner": "NixOS",
        "ref": "nixos-unstable",
        "repo": "nixpkgs",
        "type": "github"
      }
    },
    "root": {
      "inputs": {
        "agenix": "agenix",
        "azerothcore": "azerothcore",
        "disko": "disko",
        "docspell": "docspell",
        "impermanence": "impermanence",
        "mod-ah-bot-plus": "mod-ah-bot-plus",
        "mod-individual-progression": "mod-individual-progression",
        "nixpkgs": "nixpkgs",
        "nixpkgs-unstable": "nixpkgs-unstable"
      }
    },
    "systems": {
      "locked": {
        "lastModified": 1681028828,
        "narHash": "sha256-Vy1rq5AaRuLzOxct8nz4T6wlgyUR7zLU309k9mBC768=",
        "owner": "nix-systems",
        "repo": "default",
        "rev": "da67096a3b9bf56a91d16901293e51ba5b49a27e",
        "type": "github"
      },
      "original": {
        "owner": "nix-systems",
        "repo": "default",
        "type": "github"
      }
    }
  },
  "root": "root",
  "version": 7
}
